// !$*UTF8*$!
{
	archiveVersion = 1;
	classes = {
	};
	objectVersion = 50;
	objects = {

/* Begin PBXBuildFile section */
		BD3383682264F3B6009CB282 /* AppDelegate.swift in Sources */ = {isa = PBXBuildFile; fileRef = BD3383672264F3B6009CB282 /* AppDelegate.swift */; };
		BD33836A2264F3B6009CB282 /* ViewController.swift in Sources */ = {isa = PBXBuildFile; fileRef = BD3383692264F3B6009CB282 /* ViewController.swift */; };
		BD33836C2264F3B7009CB282 /* Assets.xcassets in Resources */ = {isa = PBXBuildFile; fileRef = BD33836B2264F3B7009CB282 /* Assets.xcassets */; };
		BD33836F2264F3B7009CB282 /* Main.storyboard in Resources */ = {isa = PBXBuildFile; fileRef = BD33836D2264F3B7009CB282 /* Main.storyboard */; };
		BD33837B2264F3B7009CB282 /* SwiftmulacionTests.swift in Sources */ = {isa = PBXBuildFile; fileRef = BD33837A2264F3B7009CB282 /* SwiftmulacionTests.swift */; };
		BD3383862264F3B7009CB282 /* SwiftmulacionUITests.swift in Sources */ = {isa = PBXBuildFile; fileRef = BD3383852264F3B7009CB282 /* SwiftmulacionUITests.swift */; };
		BDBF22D522650391008E3A82 /* StackCalculator.swift in Sources */ = {isa = PBXBuildFile; fileRef = BDBF22D422650391008E3A82 /* StackCalculator.swift */; };
/* End PBXBuildFile section */

/* Begin PBXContainerItemProxy section */
		BD3383772264F3B7009CB282 /* PBXContainerItemProxy */ = {
			isa = PBXContainerItemProxy;
			containerPortal = BD33835C2264F3B6009CB282 /* Project object */;
			proxyType = 1;
			remoteGlobalIDString = BD3383632264F3B6009CB282;
			remoteInfo = Swiftmulacion;
		};
		BD3383822264F3B7009CB282 /* PBXContainerItemProxy */ = {
			isa = PBXContainerItemProxy;
			containerPortal = BD33835C2264F3B6009CB282 /* Project object */;
			proxyType = 1;
			remoteGlobalIDString = BD3383632264F3B6009CB282;
			remoteInfo = Swiftmulacion;
		};
/* End PBXContainerItemProxy section */

/* Begin PBXFileReference section */
		BD3383642264F3B6009CB282 /* Swiftmulacion.app */ = {isa = PBXFileReference; explicitFileType = wrapper.application; includeInIndex = 0; path = Swiftmulacion.app; sourceTree = BUILT_PRODUCTS_DIR; };
		BD3383672264F3B6009CB282 /* AppDelegate.swift */ = {isa = PBXFileReference; lastKnownFileType = sourcecode.swift; path = AppDelegate.swift; sourceTree = "<group>"; };
		BD3383692264F3B6009CB282 /* ViewController.swift */ = {isa = PBXFileReference; lastKnownFileType = sourcecode.swift; path = ViewController.swift; sourceTree = "<group>"; };
		BD33836B2264F3B7009CB282 /* Assets.xcassets */ = {isa = PBXFileReference; lastKnownFileType = folder.assetcatalog; path = Assets.xcassets; sourceTree = "<group>"; };
		BD33836E2264F3B7009CB282 /* Base */ = {isa = PBXFileReference; lastKnownFileType = file.storyboard; name = Base; path = Base.lproj/Main.storyboard; sourceTree = "<group>"; };
		BD3383702264F3B7009CB282 /* Info.plist */ = {isa = PBXFileReference; lastKnownFileType = text.plist.xml; path = Info.plist; sourceTree = "<group>"; };
		BD3383712264F3B7009CB282 /* Swiftmulacion.entitlements */ = {isa = PBXFileReference; lastKnownFileType = text.plist.entitlements; path = Swiftmulacion.entitlements; sourceTree = "<group>"; };
		BD3383762264F3B7009CB282 /* SwiftmulacionTests.xctest */ = {isa = PBXFileReference; explicitFileType = wrapper.cfbundle; includeInIndex = 0; path = SwiftmulacionTests.xctest; sourceTree = BUILT_PRODUCTS_DIR; };
		BD33837A2264F3B7009CB282 /* SwiftmulacionTests.swift */ = {isa = PBXFileReference; lastKnownFileType = sourcecode.swift; path = SwiftmulacionTests.swift; sourceTree = "<group>"; };
		BD33837C2264F3B7009CB282 /* Info.plist */ = {isa = PBXFileReference; lastKnownFileType = text.plist.xml; path = Info.plist; sourceTree = "<group>"; };
		BD3383812264F3B7009CB282 /* SwiftmulacionUITests.xctest */ = {isa = PBXFileReference; explicitFileType = wrapper.cfbundle; includeInIndex = 0; path = SwiftmulacionUITests.xctest; sourceTree = BUILT_PRODUCTS_DIR; };
		BD3383852264F3B7009CB282 /* SwiftmulacionUITests.swift */ = {isa = PBXFileReference; lastKnownFileType = sourcecode.swift; path = SwiftmulacionUITests.swift; sourceTree = "<group>"; };
		BD3383872264F3B7009CB282 /* Info.plist */ = {isa = PBXFileReference; lastKnownFileType = text.plist.xml; path = Info.plist; sourceTree = "<group>"; };
		BDBF22D422650391008E3A82 /* StackCalculator.swift */ = {isa = PBXFileReference; lastKnownFileType = sourcecode.swift; path = StackCalculator.swift; sourceTree = "<group>"; };
/* End PBXFileReference section */

/* Begin PBXFrameworksBuildPhase section */
		BD3383612264F3B6009CB282 /* Frameworks */ = {
			isa = PBXFrameworksBuildPhase;
			buildActionMask = 2147483647;
			files = (
			);
			runOnlyForDeploymentPostprocessing = 0;
		};
		BD3383732264F3B7009CB282 /* Frameworks */ = {
			isa = PBXFrameworksBuildPhase;
			buildActionMask = 2147483647;
			files = (
			);
			runOnlyForDeploymentPostprocessing = 0;
		};
		BD33837E2264F3B7009CB282 /* Frameworks */ = {
			isa = PBXFrameworksBuildPhase;
			buildActionMask = 2147483647;
			files = (
			);
			runOnlyForDeploymentPostprocessing = 0;
		};
/* End PBXFrameworksBuildPhase section */

/* Begin PBXGroup section */
		BD33835B2264F3B6009CB282 = {
			isa = PBXGroup;
			children = (
				BD3383662264F3B6009CB282 /* Swiftmulacion */,
				BD3383792264F3B7009CB282 /* SwiftmulacionTests */,
				BD3383842264F3B7009CB282 /* SwiftmulacionUITests */,
				BD3383652264F3B6009CB282 /* Products */,
			);
			sourceTree = "<group>";
		};
		BD3383652264F3B6009CB282 /* Products */ = {
			isa = PBXGroup;
			children = (
				BD3383642264F3B6009CB282 /* Swiftmulacion.app */,
				BD3383762264F3B7009CB282 /* SwiftmulacionTests.xctest */,
				BD3383812264F3B7009CB282 /* SwiftmulacionUITests.xctest */,
			);
			name = Products;
			sourceTree = "<group>";
		};
		BD3383662264F3B6009CB282 /* Swiftmulacion */ = {
			isa = PBXGroup;
			children = (
				BDBF22D722654110008E3A82 /* Controller */,
				BDBF22D6226540FF008E3A82 /* View */,
				BD33836B2264F3B7009CB282 /* Assets.xcassets */,
				BD3383702264F3B7009CB282 /* Info.plist */,
				BD3383712264F3B7009CB282 /* Swiftmulacion.entitlements */,
			);
			path = Swiftmulacion;
			sourceTree = "<group>";
		};
		BD3383792264F3B7009CB282 /* SwiftmulacionTests */ = {
			isa = PBXGroup;
			children = (
				BD33837A2264F3B7009CB282 /* SwiftmulacionTests.swift */,
				BD33837C2264F3B7009CB282 /* Info.plist */,
			);
			path = SwiftmulacionTests;
			sourceTree = "<group>";
		};
		BD3383842264F3B7009CB282 /* SwiftmulacionUITests */ = {
			isa = PBXGroup;
			children = (
				BD3383852264F3B7009CB282 /* SwiftmulacionUITests.swift */,
				BD3383872264F3B7009CB282 /* Info.plist */,
			);
			path = SwiftmulacionUITests;
			sourceTree = "<group>";
		};
		BDBF22D6226540FF008E3A82 /* View */ = {
			isa = PBXGroup;
			children = (
				BD33836D2264F3B7009CB282 /* Main.storyboard */,
			);
			path = View;
			sourceTree = "<group>";
		};
		BDBF22D722654110008E3A82 /* Controller */ = {
			isa = PBXGroup;
			children = (
				BD3383672264F3B6009CB282 /* AppDelegate.swift */,
				BD3383692264F3B6009CB282 /* ViewController.swift */,
				BDBF22D422650391008E3A82 /* StackCalculator.swift */,
			);
			path = Controller;
			sourceTree = "<group>";
		};
/* End PBXGroup section */

/* Begin PBXNativeTarget section */
		BD3383632264F3B6009CB282 /* Swiftmulacion */ = {
			isa = PBXNativeTarget;
			buildConfigurationList = BD33838A2264F3B7009CB282 /* Build configuration list for PBXNativeTarget "Swiftmulacion" */;
			buildPhases = (
				BD3383602264F3B6009CB282 /* Sources */,
				BD3383612264F3B6009CB282 /* Frameworks */,
				BD3383622264F3B6009CB282 /* Resources */,
			);
			buildRules = (
			);
			dependencies = (
			);
			name = Swiftmulacion;
			productName = Swiftmulacion;
			productReference = BD3383642264F3B6009CB282 /* Swiftmulacion.app */;
			productType = "com.apple.product-type.application";
		};
		BD3383752264F3B7009CB282 /* SwiftmulacionTests */ = {
			isa = PBXNativeTarget;
			buildConfigurationList = BD33838D2264F3B7009CB282 /* Build configuration list for PBXNativeTarget "SwiftmulacionTests" */;
			buildPhases = (
				BD3383722264F3B7009CB282 /* Sources */,
				BD3383732264F3B7009CB282 /* Frameworks */,
				BD3383742264F3B7009CB282 /* Resources */,
			);
			buildRules = (
			);
			dependencies = (
				BD3383782264F3B7009CB282 /* PBXTargetDependency */,
			);
			name = SwiftmulacionTests;
			productName = SwiftmulacionTests;
			productReference = BD3383762264F3B7009CB282 /* SwiftmulacionTests.xctest */;
			productType = "com.apple.product-type.bundle.unit-test";
		};
		BD3383802264F3B7009CB282 /* SwiftmulacionUITests */ = {
			isa = PBXNativeTarget;
			buildConfigurationList = BD3383902264F3B7009CB282 /* Build configuration list for PBXNativeTarget "SwiftmulacionUITests" */;
			buildPhases = (
				BD33837D2264F3B7009CB282 /* Sources */,
				BD33837E2264F3B7009CB282 /* Frameworks */,
				BD33837F2264F3B7009CB282 /* Resources */,
			);
			buildRules = (
			);
			dependencies = (
				BD3383832264F3B7009CB282 /* PBXTargetDependency */,
			);
			name = SwiftmulacionUITests;
			productName = SwiftmulacionUITests;
			productReference = BD3383812264F3B7009CB282 /* SwiftmulacionUITests.xctest */;
			productType = "com.apple.product-type.bundle.ui-testing";
		};
/* End PBXNativeTarget section */

/* Begin PBXProject section */
		BD33835C2264F3B6009CB282 /* Project object */ = {
			isa = PBXProject;
			attributes = {
				LastSwiftUpdateCheck = 1020;
				LastUpgradeCheck = 1020;
				ORGANIZATIONNAME = "Fernando Martin Garcia Del Angel";
				TargetAttributes = {
					BD3383632264F3B6009CB282 = {
						CreatedOnToolsVersion = 10.2;
					};
					BD3383752264F3B7009CB282 = {
						CreatedOnToolsVersion = 10.2;
						TestTargetID = BD3383632264F3B6009CB282;
					};
					BD3383802264F3B7009CB282 = {
						CreatedOnToolsVersion = 10.2;
						TestTargetID = BD3383632264F3B6009CB282;
					};
				};
			};
			buildConfigurationList = BD33835F2264F3B6009CB282 /* Build configuration list for PBXProject "Swiftmulacion" */;
			compatibilityVersion = "Xcode 9.3";
			developmentRegion = en;
			hasScannedForEncodings = 0;
			knownRegions = (
				en,
				Base,
			);
			mainGroup = BD33835B2264F3B6009CB282;
			productRefGroup = BD3383652264F3B6009CB282 /* Products */;
			projectDirPath = "";
			projectRoot = "";
			targets = (
				BD3383632264F3B6009CB282 /* Swiftmulacion */,
				BD3383752264F3B7009CB282 /* SwiftmulacionTests */,
				BD3383802264F3B7009CB282 /* SwiftmulacionUITests */,
			);
		};
/* End PBXProject section */

/* Begin PBXResourcesBuildPhase section */
		BD3383622264F3B6009CB282 /* Resources */ = {
			isa = PBXResourcesBuildPhase;
			buildActionMask = 2147483647;
			files = (
				BD33836C2264F3B7009CB282 /* Assets.xcassets in Resources */,
				BD33836F2264F3B7009CB282 /* Main.storyboard in Resources */,
			);
			runOnlyForDeploymentPostprocessing = 0;
		};
		BD3383742264F3B7009CB282 /* Resources */ = {
			isa = PBXResourcesBuildPhase;
			buildActionMask = 2147483647;
			files = (
			);
			runOnlyForDeploymentPostprocessing = 0;
		};
		BD33837F2264F3B7009CB282 /* Resources */ = {
			isa = PBXResourcesBuildPhase;
			buildActionMask = 2147483647;
			files = (
			);
			runOnlyForDeploymentPostprocessing = 0;
		};
/* End PBXResourcesBuildPhase section */

/* Begin PBXSourcesBuildPhase section */
		BD3383602264F3B6009CB282 /* Sources */ = {
			isa = PBXSourcesBuildPhase;
			buildActionMask = 2147483647;
			files = (
				BDBF22D522650391008E3A82 /* StackCalculator.swift in Sources */,
				BD33836A2264F3B6009CB282 /* ViewController.swift in Sources */,
				BD3383682264F3B6009CB282 /* AppDelegate.swift in Sources */,
			);
			runOnlyForDeploymentPostprocessing = 0;
		};
		BD3383722264F3B7009CB282 /* Sources */ = {
			isa = PBXSourcesBuildPhase;
			buildActionMask = 2147483647;
			files = (
				BD33837B2264F3B7009CB282 /* SwiftmulacionTests.swift in Sources */,
			);
			runOnlyForDeploymentPostprocessing = 0;
		};
		BD33837D2264F3B7009CB282 /* Sources */ = {
			isa = PBXSourcesBuildPhase;
			buildActionMask = 2147483647;
			files = (
				BD3383862264F3B7009CB282 /* SwiftmulacionUITests.swift in Sources */,
			);
			runOnlyForDeploymentPostprocessing = 0;
		};
/* End PBXSourcesBuildPhase section */

/* Begin PBXTargetDependency section */
		BD3383782264F3B7009CB282 /* PBXTargetDependency */ = {
			isa = PBXTargetDependency;
			target = BD3383632264F3B6009CB282 /* Swiftmulacion */;
			targetProxy = BD3383772264F3B7009CB282 /* PBXContainerItemProxy */;
		};
		BD3383832264F3B7009CB282 /* PBXTargetDependency */ = {
			isa = PBXTargetDependency;
			target = BD3383632264F3B6009CB282 /* Swiftmulacion */;
			targetProxy = BD3383822264F3B7009CB282 /* PBXContainerItemProxy */;
		};
/* End PBXTargetDependency section */

/* Begin PBXVariantGroup section */
		BD33836D2264F3B7009CB282 /* Main.storyboard */ = {
			isa = PBXVariantGroup;
			children = (
				BD33836E2264F3B7009CB282 /* Base */,
			);
			name = Main.storyboard;
			sourceTree = "<group>";
		};
/* End PBXVariantGroup section */

/* Begin XCBuildConfiguration section */
		BD3383882264F3B7009CB282 /* Debug */ = {
			isa = XCBuildConfiguration;
			buildSettings = {
				ALWAYS_SEARCH_USER_PATHS = NO;
				CLANG_ANALYZER_NONNULL = YES;
				CLANG_ANALYZER_NUMBER_OBJECT_CONVERSION = YES_AGGRESSIVE;
				CLANG_CXX_LANGUAGE_STANDARD = "gnu++14";
				CLANG_CXX_LIBRARY = "libc++";
				CLANG_ENABLE_MODULES = YES;
				CLANG_ENABLE_OBJC_ARC = YES;
				CLANG_ENABLE_OBJC_WEAK = YES;
				CLANG_WARN_BLOCK_CAPTURE_AUTORELEASING = YES;
				CLANG_WARN_BOOL_CONVERSION = YES;
				CLANG_WARN_COMMA = YES;
				CLANG_WARN_CONSTANT_CONVERSION = YES;
				CLANG_WARN_DEPRECATED_OBJC_IMPLEMENTATIONS = YES;
				CLANG_WARN_DIRECT_OBJC_ISA_USAGE = YES_ERROR;
				CLANG_WARN_DOCUMENTATION_COMMENTS = YES;
				CLANG_WARN_EMPTY_BODY = YES;
				CLANG_WARN_ENUM_CONVERSION = YES;
				CLANG_WARN_INFINITE_RECURSION = YES;
				CLANG_WARN_INT_CONVERSION = YES;
				CLANG_WARN_NON_LITERAL_NULL_CONVERSION = YES;
				CLANG_WARN_OBJC_IMPLICIT_RETAIN_SELF = YES;
				CLANG_WARN_OBJC_LITERAL_CONVERSION = YES;
				CLANG_WARN_OBJC_ROOT_CLASS = YES_ERROR;
				CLANG_WARN_RANGE_LOOP_ANALYSIS = YES;
				CLANG_WARN_STRICT_PROTOTYPES = YES;
				CLANG_WARN_SUSPICIOUS_MOVE = YES;
				CLANG_WARN_UNGUARDED_AVAILABILITY = YES_AGGRESSIVE;
				CLANG_WARN_UNREACHABLE_CODE = YES;
				CLANG_WARN__DUPLICATE_METHOD_MATCH = YES;
				CODE_SIGN_IDENTITY = "Mac Developer";
				COPY_PHASE_STRIP = NO;
				DEBUG_INFORMATION_FORMAT = dwarf;
				ENABLE_STRICT_OBJC_MSGSEND = YES;
				ENABLE_TESTABILITY = YES;
				GCC_C_LANGUAGE_STANDARD = gnu11;
				GCC_DYNAMIC_NO_PIC = NO;
				GCC_NO_COMMON_BLOCKS = YES;
				GCC_OPTIMIZATION_LEVEL = 0;
				GCC_PREPROCESSOR_DEFINITIONS = (
					"DEBUG=1",
					"$(inherited)",
				);
				GCC_WARN_64_TO_32_BIT_CONVERSION = YES;
				GCC_WARN_ABOUT_RETURN_TYPE = YES_ERROR;
				GCC_WARN_UNDECLARED_SELECTOR = YES;
				GCC_WARN_UNINITIALIZED_AUTOS = YES_AGGRESSIVE;
				GCC_WARN_UNUSED_FUNCTION = YES;
				GCC_WARN_UNUSED_VARIABLE = YES;
				MACOSX_DEPLOYMENT_TARGET = 10.14;
				MTL_ENABLE_DEBUG_INFO = INCLUDE_SOURCE;
				MTL_FAST_MATH = YES;
				ONLY_ACTIVE_ARCH = YES;
				SDKROOT = macosx;
				SWIFT_ACTIVE_COMPILATION_CONDITIONS = DEBUG;
				SWIFT_OPTIMIZATION_LEVEL = "-Onone";
			};
			name = Debug;
		};
		BD3383892264F3B7009CB282 /* Release */ = {
			isa = XCBuildConfiguration;
			buildSettings = {
				ALWAYS_SEARCH_USER_PATHS = NO;
				CLANG_ANALYZER_NONNULL = YES;
				CLANG_ANALYZER_NUMBER_OBJECT_CONVERSION = YES_AGGRESSIVE;
				CLANG_CXX_LANGUAGE_STANDARD = "gnu++14";
				CLANG_CXX_LIBRARY = "libc++";
				CLANG_ENABLE_MODULES = YES;
				CLANG_ENABLE_OBJC_ARC = YES;
				CLANG_ENABLE_OBJC_WEAK = YES;
				CLANG_WARN_BLOCK_CAPTURE_AUTORELEASING = YES;
				CLANG_WARN_BOOL_CONVERSION = YES;
				CLANG_WARN_COMMA = YES;
				CLANG_WARN_CONSTANT_CONVERSION = YES;
				CLANG_WARN_DEPRECATED_OBJC_IMPLEMENTATIONS = YES;
				CLANG_WARN_DIRECT_OBJC_ISA_USAGE = YES_ERROR;
				CLANG_WARN_DOCUMENTATION_COMMENTS = YES;
				CLANG_WARN_EMPTY_BODY = YES;
				CLANG_WARN_ENUM_CONVERSION = YES;
				CLANG_WARN_INFINITE_RECURSION = YES;
				CLANG_WARN_INT_CONVERSION = YES;
				CLANG_WARN_NON_LITERAL_NULL_CONVERSION = YES;
				CLANG_WARN_OBJC_IMPLICIT_RETAIN_SELF = YES;
				CLANG_WARN_OBJC_LITERAL_CONVERSION = YES;
				CLANG_WARN_OBJC_ROOT_CLASS = YES_ERROR;
				CLANG_WARN_RANGE_LOOP_ANALYSIS = YES;
				CLANG_WARN_STRICT_PROTOTYPES = YES;
				CLANG_WARN_SUSPICIOUS_MOVE = YES;
				CLANG_WARN_UNGUARDED_AVAILABILITY = YES_AGGRESSIVE;
				CLANG_WARN_UNREACHABLE_CODE = YES;
				CLANG_WARN__DUPLICATE_METHOD_MATCH = YES;
				CODE_SIGN_IDENTITY = "Mac Developer";
				COPY_PHASE_STRIP = NO;
				DEBUG_INFORMATION_FORMAT = "dwarf-with-dsym";
				ENABLE_NS_ASSERTIONS = NO;
				ENABLE_STRICT_OBJC_MSGSEND = YES;
				GCC_C_LANGUAGE_STANDARD = gnu11;
				GCC_NO_COMMON_BLOCKS = YES;
				GCC_WARN_64_TO_32_BIT_CONVERSION = YES;
				GCC_WARN_ABOUT_RETURN_TYPE = YES_ERROR;
				GCC_WARN_UNDECLARED_SELECTOR = YES;
				GCC_WARN_UNINITIALIZED_AUTOS = YES_AGGRESSIVE;
				GCC_WARN_UNUSED_FUNCTION = YES;
				GCC_WARN_UNUSED_VARIABLE = YES;
				MACOSX_DEPLOYMENT_TARGET = 10.14;
				MTL_ENABLE_DEBUG_INFO = NO;
				MTL_FAST_MATH = YES;
				SDKROOT = macosx;
				SWIFT_COMPILATION_MODE = wholemodule;
				SWIFT_OPTIMIZATION_LEVEL = "-O";
			};
			name = Release;
		};
		BD33838B2264F3B7009CB282 /* Debug */ = {
			isa = XCBuildConfiguration;
			buildSettings = {
				ASSETCATALOG_COMPILER_APPICON_NAME = AppIcon;
				CODE_SIGN_ENTITLEMENTS = Swiftmulacion/Swiftmulacion.entitlements;
				CODE_SIGN_STYLE = Automatic;
				COMBINE_HIDPI_IMAGES = YES;
				DEVELOPMENT_TEAM = R935X42Z66;
				INFOPLIST_FILE = Swiftmulacion/Info.plist;
				LD_RUNPATH_SEARCH_PATHS = (
					"$(inherited)",
					"@executable_path/../Frameworks",
				);
				PRODUCT_BUNDLE_IDENTIFIER = com.aabotech.Swiftmulacion;
				PRODUCT_NAME = "$(TARGET_NAME)";
				SWIFT_VERSION = 5.0;
			};
			name = Debug;
		};
		BD33838C2264F3B7009CB282 /* Release */ = {
			isa = XCBuildConfiguration;
			buildSettings = {
				ASSETCATALOG_COMPILER_APPICON_NAME = AppIcon;
				CODE_SIGN_ENTITLEMENTS = Swiftmulacion/Swiftmulacion.entitlements;
				CODE_SIGN_STYLE = Automatic;
				COMBINE_HIDPI_IMAGES = YES;
				DEVELOPMENT_TEAM = R935X42Z66;
				INFOPLIST_FILE = Swiftmulacion/Info.plist;
				LD_RUNPATH_SEARCH_PATHS = (
					"$(inherited)",
					"@executable_path/../Frameworks",
				);
				PRODUCT_BUNDLE_IDENTIFIER = com.aabotech.Swiftmulacion;
				PRODUCT_NAME = "$(TARGET_NAME)";
				SWIFT_VERSION = 5.0;
			};
			name = Release;
		};
		BD33838E2264F3B7009CB282 /* Debug */ = {
			isa = XCBuildConfiguration;
			buildSettings = {
				ALWAYS_EMBED_SWIFT_STANDARD_LIBRARIES = YES;
				BUNDLE_LOADER = "$(TEST_HOST)";
				CODE_SIGN_STYLE = Automatic;
				COMBINE_HIDPI_IMAGES = YES;
				DEVELOPMENT_TEAM = R935X42Z66;
				INFOPLIST_FILE = SwiftmulacionTests/Info.plist;
				LD_RUNPATH_SEARCH_PATHS = (
					"$(inherited)",
					"@executable_path/../Frameworks",
					"@loader_path/../Frameworks",
				);
				PRODUCT_BUNDLE_IDENTIFIER = com.aabotech.SwiftmulacionTests;
				PRODUCT_NAME = "$(TARGET_NAME)";
				SWIFT_VERSION = 5.0;
				TEST_HOST = "$(BUILT_PRODUCTS_DIR)/Swiftmulacion.app/Contents/MacOS/Swiftmulacion";
			};
			name = Debug;
		};
		BD33838F2264F3B7009CB282 /* Release */ = {
			isa = XCBuildConfiguration;
			buildSettings = {
				ALWAYS_EMBED_SWIFT_STANDARD_LIBRARIES = YES;
				BUNDLE_LOADER = "$(TEST_HOST)";
				CODE_SIGN_STYLE = Automatic;
				COMBINE_HIDPI_IMAGES = YES;
				DEVELOPMENT_TEAM = R935X42Z66;
				INFOPLIST_FILE = SwiftmulacionTests/Info.plist;
				LD_RUNPATH_SEARCH_PATHS = (
					"$(inherited)",
					"@executable_path/../Frameworks",
					"@loader_path/../Frameworks",
				);
				PRODUCT_BUNDLE_IDENTIFIER = com.aabotech.SwiftmulacionTests;
				PRODUCT_NAME = "$(TARGET_NAME)";
				SWIFT_VERSION = 5.0;
				TEST_HOST = "$(BUILT_PRODUCTS_DIR)/Swiftmulacion.app/Contents/MacOS/Swiftmulacion";
			};
			name = Release;
		};
		BD3383912264F3B7009CB282 /* Debug */ = {
			isa = XCBuildConfiguration;
			buildSettings = {
				ALWAYS_EMBED_SWIFT_STANDARD_LIBRARIES = YES;
				CODE_SIGN_STYLE = Automatic;
				COMBINE_HIDPI_IMAGES = YES;
				DEVELOPMENT_TEAM = R935X42Z66;
				INFOPLIST_FILE = SwiftmulacionUITests/Info.plist;
				LD_RUNPATH_SEARCH_PATHS = (
					"$(inherited)",
					"@executable_path/../Frameworks",
					"@loader_path/../Frameworks",
				);
				PRODUCT_BUNDLE_IDENTIFIER = com.aabotech.SwiftmulacionUITests;
				PRODUCT_NAME = "$(TARGET_NAME)";
				SWIFT_VERSION = 5.0;
				TEST_TARGET_NAME = Swiftmulacion;
			};
			name = Debug;
		};
		BD3383922264F3B7009CB282 /* Release */ = {
			isa = XCBuildConfiguration;
			buildSettings = {
				ALWAYS_EMBED_SWIFT_STANDARD_LIBRARIES = YES;
				CODE_SIGN_STYLE = Automatic;
				COMBINE_HIDPI_IMAGES = YES;
				DEVELOPMENT_TEAM = R935X42Z66;
				INFOPLIST_FILE = SwiftmulacionUITests/Info.plist;
				LD_RUNPATH_SEARCH_PATHS = (
					"$(inherited)",
					"@executable_path/../Frameworks",
					"@loader_path/../Frameworks",
				);
				PRODUCT_BUNDLE_IDENTIFIER = com.aabotech.SwiftmulacionUITests;
				PRODUCT_NAME = "$(TARGET_NAME)";
				SWIFT_VERSION = 5.0;
				TEST_TARGET_NAME = Swiftmulacion;
			};
			name = Release;
		};
/* End XCBuildConfiguration section */

/* Begin XCConfigurationList section */
		BD33835F2264F3B6009CB282 /* Build configuration list for PBXProject "Swiftmulacion" */ = {
			isa = XCConfigurationList;
			buildConfigurations = (
				BD3383882264F3B7009CB282 /* Debug */,
				BD3383892264F3B7009CB282 /* Release */,
			);
			defaultConfigurationIsVisible = 0;
			defaultConfigurationName = Release;
		};
		BD33838A2264F3B7009CB282 /* Build configuration list for PBXNativeTarget "Swiftmulacion" */ = {
			isa = XCConfigurationList;
			buildConfigurations = (
				BD33838B2264F3B7009CB282 /* Debug */,
				BD33838C2264F3B7009CB282 /* Release */,
			);
			defaultConfigurationIsVisible = 0;
			defaultConfigurationName = Release;
		};
		BD33838D2264F3B7009CB282 /* Build configuration list for PBXNativeTarget "SwiftmulacionTests" */ = {
			isa = XCConfigurationList;
			buildConfigurations = (
				BD33838E2264F3B7009CB282 /* Debug */,
				BD33838F2264F3B7009CB282 /* Release */,
			);
			defaultConfigurationIsVisible = 0;
			defaultConfigurationName = Release;
		};
		BD3383902264F3B7009CB282 /* Build configuration list for PBXNativeTarget "SwiftmulacionUITests" */ = {
			isa = XCConfigurationList;
			buildConfigurations = (
				BD3383912264F3B7009CB282 /* Debug */,
				BD3383922264F3B7009CB282 /* Release */,
			);
			defaultConfigurationIsVisible = 0;
			defaultConfigurationName = Release;
		};
/* End XCConfigurationList section */
	};
	rootObject = BD33835C2264F3B6009CB282 /* Project object */;
}
